
Microsoft Visual Studio Solution File, Format Version 12.00
# Visual Studio 2012
Project("{FAE04EC0-301F-11D3-BF4B-00C04F79EFBC}") = "APITesting", "APITesting\APITesting.csproj", "{BA419803-C0A5-4AE8-B509-A1825B5637E1}"
EndProject
Global
	GlobalSection(SolutionConfigurationPlatforms) = preSolution
		Debug|Any CPU = Debug|Any CPU
		Release|Any CPU = Release|Any CPU
	EndGlobalSection
	GlobalSection(ProjectConfigurationPlatforms) = postSolution
		{BA419803-C0A5-4AE8-B509-A1825B5637E1}.Debug|Any CPU.ActiveCfg = Debug|Any CPU
		{BA419803-C0A5-4AE8-B509-A1825B5637E1}.Debug|Any CPU.Build.0 = Debug|Any CPU
		{BA419803-C0A5-4AE8-B509-A1825B5637E1}.Release|Any CPU.ActiveCfg = Release|Any CPU
		{BA419803-C0A5-4AE8-B509-A1825B5637E1}.Release|Any CPU.Build.0 = Release|Any CPU
	EndGlobalSection
	GlobalSection(SolutionProperties) = preSolution
		HideSolutionNode = FALSE
	EndGlobalSection
EndGlobal
